
Microsoft Visual Studio Solution File, Format Version 12.00
# Visual Studio Version 17
VisualStudioVersion = 17.10.35013.160
MinimumVisualStudioVersion = 10.0.40219.1
Project("{FAE04EC0-301F-11D3-BF4B-00C04F79EFBC}") = "NumberPrettifier", "NumberPrettifier\NumberPrettifier.csproj", "{0F1FAF6A-4DAD-40A6-9887-5F7A9547FEC7}"
EndProject
Project("{FAE04EC0-301F-11D3-BF4B-00C04F79EFBC}") = "NumberPrettifier.Tests", "NumberPrettifier.Tests\NumberPrettifier.Tests.csproj", "{9207C38A-1B39-4917-BA92-D869FB06A6D8}"
EndProject
Global
	GlobalSection(SolutionConfigurationPlatforms) = preSolution
		Debug|Any CPU = Debug|Any CPU
		Release|Any CPU = Release|Any CPU
	EndGlobalSection
	GlobalSection(ProjectConfigurationPlatforms) = postSolution
		{0F1FAF6A-4DAD-40A6-9887-5F7A9547FEC7}.Debug|Any CPU.ActiveCfg = Debug|Any CPU
		{0F1FAF6A-4DAD-40A6-9887-5F7A9547FEC7}.Debug|Any CPU.Build.0 = Debug|Any CPU
		{0F1FAF6A-4DAD-40A6-9887-5F7A9547FEC7}.Release|Any CPU.ActiveCfg = Release|Any CPU
		{0F1FAF6A-4DAD-40A6-9887-5F7A9547FEC7}.Release|Any CPU.Build.0 = Release|Any CPU
		{9207C38A-1B39-4917-BA92-D869FB06A6D8}.Debug|Any CPU.ActiveCfg = Debug|Any CPU
		{9207C38A-1B39-4917-BA92-D869FB06A6D8}.Debug|Any CPU.Build.0 = Debug|Any CPU
		{9207C38A-1B39-4917-BA92-D869FB06A6D8}.Release|Any CPU.ActiveCfg = Release|Any CPU
		{9207C38A-1B39-4917-BA92-D869FB06A6D8}.Release|Any CPU.Build.0 = Release|Any CPU
	EndGlobalSection
	GlobalSection(SolutionProperties) = preSolution
		HideSolutionNode = FALSE
	EndGlobalSection
	GlobalSection(ExtensibilityGlobals) = postSolution
		SolutionGuid = {76043237-321D-4F07-B199-519F6CB9687D}
	EndGlobalSection
EndGlobal
